
Microsoft Visual Studio Solution File, Format Version 12.00
# Visual Studio Version 17
VisualStudioVersion = 17.8.34601.278
MinimumVisualStudioVersion = 10.0.40219.1
Project("{FAE04EC0-301F-11D3-BF4B-00C04F79EFBC}") = "Task1", "Task1\Task1.csproj", "{24C1809F-47E7-4A9D-9CCF-4B1221A75FAC}"
EndProject
Global
	GlobalSection(SolutionConfigurationPlatforms) = preSolution
		Debug|Any CPU = Debug|Any CPU
		Release|Any CPU = Release|Any CPU
	EndGlobalSection
	GlobalSection(ProjectConfigurationPlatforms) = postSolution
		{24C1809F-47E7-4A9D-9CCF-4B1221A75FAC}.Debug|Any CPU.ActiveCfg = Debug|Any CPU
		{24C1809F-47E7-4A9D-9CCF-4B1221A75FAC}.Debug|Any CPU.Build.0 = Debug|Any CPU
		{24C1809F-47E7-4A9D-9CCF-4B1221A75FAC}.Release|Any CPU.ActiveCfg = Release|Any CPU
		{24C1809F-47E7-4A9D-9CCF-4B1221A75FAC}.Release|Any CPU.Build.0 = Release|Any CPU
	EndGlobalSection
	GlobalSection(SolutionProperties) = preSolution
		HideSolutionNode = FALSE
	EndGlobalSection
	GlobalSection(ExtensibilityGlobals) = postSolution
		SolutionGuid = {E07F26C0-F664-4F31-9ACA-4B4ABD36FF02}
	EndGlobalSection
EndGlobal
